
Microsoft Visual Studio Solution File, Format Version 12.00
# Visual Studio Version 17
VisualStudioVersion = 17.4.33213.308
MinimumVisualStudioVersion = 10.0.40219.1
Project("{FAE04EC0-301F-11D3-BF4B-00C04F79EFBC}") = "ZeroHunger", "ZeroHunger\ZeroHunger.csproj", "{46655178-237E-42B1-B1C6-BD378F44E7CF}"
EndProject
Global
	GlobalSection(SolutionConfigurationPlatforms) = preSolution
		Debug|Any CPU = Debug|Any CPU
		Release|Any CPU = Release|Any CPU
	EndGlobalSection
	GlobalSection(ProjectConfigurationPlatforms) = postSolution
		{46655178-237E-42B1-B1C6-BD378F44E7CF}.Debug|Any CPU.ActiveCfg = Debug|Any CPU
		{46655178-237E-42B1-B1C6-BD378F44E7CF}.Debug|Any CPU.Build.0 = Debug|Any CPU
		{46655178-237E-42B1-B1C6-BD378F44E7CF}.Release|Any CPU.ActiveCfg = Release|Any CPU
		{46655178-237E-42B1-B1C6-BD378F44E7CF}.Release|Any CPU.Build.0 = Release|Any CPU
	EndGlobalSection
	GlobalSection(SolutionProperties) = preSolution
		HideSolutionNode = FALSE
	EndGlobalSection
	GlobalSection(ExtensibilityGlobals) = postSolution
		SolutionGuid = {DCC5A77D-22DB-4CCD-9F6F-B39483AF567F}
	EndGlobalSection
EndGlobal
